# This file is autogenerated, do not edit; changes may be undone by the next 'dep ensure'.

[[projects]]
  name = "github.com/fatih/structtag"
  packages = ["."]
  revision = "da3d9ab5b78fdc25d3a7614853b085200bd10da9"
  version = "v0.1.0"

[solve-meta]
  analyzer-name = "dep"
  analyzer-version = 1
  inputs-digest = "859116499e74f6c88afba2065cef9e2ee1caa81d532e01ed144541f9d36faae8"
  solver-name = "gps-cdcl"
  solver-version = 1
